
Microsoft Visual Studio Solution File, Format Version 12.00
# Visual Studio 2015
Project("{FAE04EC0-301F-11D3-BF4B-00C04F79EFBC}") = "capstone.CSharp", "capstone.CSharp.csproj", "{F89A79E1-F610-A655-AAA6-A685D99945DB}"
EndProject
Project("{FAE04EC0-301F-11D3-BF4B-00C04F79EFBC}") = "capstone.CSharp.Editor", "capstone.CSharp.Editor.csproj", "{1C23DE4F-E8BA-B955-D046-2454BC61D77A}"
EndProject
Global
	GlobalSection(SolutionConfigurationPlatforms) = preSolution
		Debug|Any CPU = Debug|Any CPU
		Release|Any CPU = Release|Any CPU
	EndGlobalSection
	GlobalSection(ProjectConfigurationPlatforms) = postSolution
		{F89A79E1-F610-A655-AAA6-A685D99945DB}.Debug|Any CPU.ActiveCfg = Debug|Any CPU
		{F89A79E1-F610-A655-AAA6-A685D99945DB}.Debug|Any CPU.Build.0 = Debug|Any CPU
		{F89A79E1-F610-A655-AAA6-A685D99945DB}.Release|Any CPU.ActiveCfg = Release|Any CPU
		{F89A79E1-F610-A655-AAA6-A685D99945DB}.Release|Any CPU.Build.0 = Release|Any CPU
		{1C23DE4F-E8BA-B955-D046-2454BC61D77A}.Debug|Any CPU.ActiveCfg = Debug|Any CPU
		{1C23DE4F-E8BA-B955-D046-2454BC61D77A}.Debug|Any CPU.Build.0 = Debug|Any CPU
		{1C23DE4F-E8BA-B955-D046-2454BC61D77A}.Release|Any CPU.ActiveCfg = Release|Any CPU
		{1C23DE4F-E8BA-B955-D046-2454BC61D77A}.Release|Any CPU.Build.0 = Release|Any CPU
	EndGlobalSection
	GlobalSection(SolutionProperties) = preSolution
		HideSolutionNode = FALSE
	EndGlobalSection
EndGlobal
